
Microsoft Visual Studio Solution File, Format Version 12.00
# Visual Studio Version 16
VisualStudioVersion = 16.0.32929.386
MinimumVisualStudioVersion = 10.0.40219.1
Project("{FAE04EC0-301F-11D3-BF4B-00C04F79EFBC}") = "FinalProject", "FinalProject\FinalProject.csproj", "{579097A4-BBE4-4619-BCBB-9FBE65815AD6}"
EndProject
Global
	GlobalSection(SolutionConfigurationPlatforms) = preSolution
		Debug|Any CPU = Debug|Any CPU
		Release|Any CPU = Release|Any CPU
	EndGlobalSection
	GlobalSection(ProjectConfigurationPlatforms) = postSolution
		{579097A4-BBE4-4619-BCBB-9FBE65815AD6}.Debug|Any CPU.ActiveCfg = Debug|Any CPU
		{579097A4-BBE4-4619-BCBB-9FBE65815AD6}.Debug|Any CPU.Build.0 = Debug|Any CPU
		{579097A4-BBE4-4619-BCBB-9FBE65815AD6}.Release|Any CPU.ActiveCfg = Release|Any CPU
		{579097A4-BBE4-4619-BCBB-9FBE65815AD6}.Release|Any CPU.Build.0 = Release|Any CPU
	EndGlobalSection
	GlobalSection(SolutionProperties) = preSolution
		HideSolutionNode = FALSE
	EndGlobalSection
	GlobalSection(ExtensibilityGlobals) = postSolution
		SolutionGuid = {CBC42164-3576-43B5-BC27-331B0396F0A9}
	EndGlobalSection
EndGlobal
